// !$*UTF8*$!
{
	archiveVersion = 1;
	classes = {
	};
	objectVersion = 50;
	objects = {

/* Begin PBXBuildFile section */
		0D0302AA2345F42C00376AA1 /* AppDelegate.swift in Sources */ = {isa = PBXBuildFile; fileRef = 0D0302A92345F42C00376AA1 /* AppDelegate.swift */; };
		0D0302AC2345F42C00376AA1 /* SceneDelegate.swift in Sources */ = {isa = PBXBuildFile; fileRef = 0D0302AB2345F42C00376AA1 /* SceneDelegate.swift */; };
		0D0302AE2345F42C00376AA1 /* ViewController.swift in Sources */ = {isa = PBXBuildFile; fileRef = 0D0302AD2345F42C00376AA1 /* ViewController.swift */; };
		0D0302B12345F42C00376AA1 /* Main.storyboard in Resources */ = {isa = PBXBuildFile; fileRef = 0D0302AF2345F42C00376AA1 /* Main.storyboard */; };
		0D0302B32345F42D00376AA1 /* Assets.xcassets in Resources */ = {isa = PBXBuildFile; fileRef = 0D0302B22345F42D00376AA1 /* Assets.xcassets */; };
		0D0302B62345F42D00376AA1 /* LaunchScreen.storyboard in Resources */ = {isa = PBXBuildFile; fileRef = 0D0302B42345F42D00376AA1 /* LaunchScreen.storyboard */; };
		0D232B6F234603C8002B1A52 /* SliderViewController.swift in Sources */ = {isa = PBXBuildFile; fileRef = 0D232B6E234603C8002B1A52 /* SliderViewController.swift */; };
		0D8E441A234618240088A711 /* LoginViewController.swift in Sources */ = {isa = PBXBuildFile; fileRef = 0D8E4419234618240088A711 /* LoginViewController.swift */; };
		0DD6ADE123460B22002564E4 /* SendViewController.swift in Sources */ = {isa = PBXBuildFile; fileRef = 0DD6ADE023460B22002564E4 /* SendViewController.swift */; };
		0DD6ADE323460B38002564E4 /* SegControlViewController.swift in Sources */ = {isa = PBXBuildFile; fileRef = 0DD6ADE223460B38002564E4 /* SegControlViewController.swift */; };
/* End PBXBuildFile section */

/* Begin PBXFileReference section */
		0D0302A62345F42C00376AA1 /* system_ui_exam.app */ = {isa = PBXFileReference; explicitFileType = wrapper.application; includeInIndex = 0; path = system_ui_exam.app; sourceTree = BUILT_PRODUCTS_DIR; };
		0D0302A92345F42C00376AA1 /* AppDelegate.swift */ = {isa = PBXFileReference; lastKnownFileType = sourcecode.swift; path = AppDelegate.swift; sourceTree = "<group>"; };
		0D0302AB2345F42C00376AA1 /* SceneDelegate.swift */ = {isa = PBXFileReference; lastKnownFileType = sourcecode.swift; path = SceneDelegate.swift; sourceTree = "<group>"; };
		0D0302AD2345F42C00376AA1 /* ViewController.swift */ = {isa = PBXFileReference; lastKnownFileType = sourcecode.swift; path = ViewController.swift; sourceTree = "<group>"; };
		0D0302B02345F42C00376AA1 /* Base */ = {isa = PBXFileReference; lastKnownFileType = file.storyboard; name = Base; path = Base.lproj/Main.storyboard; sourceTree = "<group>"; };
		0D0302B22345F42D00376AA1 /* Assets.xcassets */ = {isa = PBXFileReference; lastKnownFileType = folder.assetcatalog; path = Assets.xcassets; sourceTree = "<group>"; };
		0D0302B52345F42D00376AA1 /* Base */ = {isa = PBXFileReference; lastKnownFileType = file.storyboard; name = Base; path = Base.lproj/LaunchScreen.storyboard; sourceTree = "<group>"; };
		0D0302B72345F42D00376AA1 /* Info.plist */ = {isa = PBXFileReference; lastKnownFileType = text.plist.xml; path = Info.plist; sourceTree = "<group>"; };
		0D232B6E234603C8002B1A52 /* SliderViewController.swift */ = {isa = PBXFileReference; lastKnownFileType = sourcecode.swift; path = SliderViewController.swift; sourceTree = "<group>"; };
		0D8E4419234618240088A711 /* LoginViewController.swift */ = {isa = PBXFileReference; lastKnownFileType = sourcecode.swift; name = LoginViewController.swift; path = system_ui_exam/Sources/ViewControllers/LoginViewController.swift; sourceTree = SOURCE_ROOT; };
		0DD6ADE023460B22002564E4 /* SendViewController.swift */ = {isa = PBXFileReference; lastKnownFileType = sourcecode.swift; path = SendViewController.swift; sourceTree = "<group>"; };
		0DD6ADE223460B38002564E4 /* SegControlViewController.swift */ = {isa = PBXFileReference; lastKnownFileType = sourcecode.swift; path = SegControlViewController.swift; sourceTree = "<group>"; };
/* End PBXFileReference section */

/* Begin PBXFrameworksBuildPhase section */
		0D0302A32345F42C00376AA1 /* Frameworks */ = {
			isa = PBXFrameworksBuildPhase;
			buildActionMask = 2147483647;
			files = (
			);
			runOnlyForDeploymentPostprocessing = 0;
		};
/* End PBXFrameworksBuildPhase section */

/* Begin PBXGroup section */
		0D03029D2345F42C00376AA1 = {
			isa = PBXGroup;
			children = (
				0D0302A82345F42C00376AA1 /* system_ui_exam */,
				0D0302A72345F42C00376AA1 /* Products */,
			);
			sourceTree = "<group>";
		};
		0D0302A72345F42C00376AA1 /* Products */ = {
			isa = PBXGroup;
			children = (
				0D0302A62345F42C00376AA1 /* system_ui_exam.app */,
			);
			name = Products;
			sourceTree = "<group>";
		};
		0D0302A82345F42C00376AA1 /* system_ui_exam */ = {
			isa = PBXGroup;
			children = (
				0D0302BE2345F43E00376AA1 /* Resources */,
				0D0302BD2345F43800376AA1 /* Sources */,
				0D0302B72345F42D00376AA1 /* Info.plist */,
			);
			path = system_ui_exam;
			sourceTree = "<group>";
		};
		0D0302BD2345F43800376AA1 /* Sources */ = {
			isa = PBXGroup;
			children = (
				0D0302C72345F4E900376AA1 /* ViewControllers */,
				0D0302A92345F42C00376AA1 /* AppDelegate.swift */,
				0D0302AB2345F42C00376AA1 /* SceneDelegate.swift */,
			);
			path = Sources;
			sourceTree = "<group>";
		};
		0D0302BE2345F43E00376AA1 /* Resources */ = {
			isa = PBXGroup;
			children = (
				0D0302AF2345F42C00376AA1 /* Main.storyboard */,
				0D0302B22345F42D00376AA1 /* Assets.xcassets */,
				0D0302B42345F42D00376AA1 /* LaunchScreen.storyboard */,
			);
			path = Resources;
			sourceTree = "<group>";
		};
		0D0302C72345F4E900376AA1 /* ViewControllers */ = {
			isa = PBXGroup;
			children = (
				0D8E4419234618240088A711 /* LoginViewController.swift */,
				0D0302AD2345F42C00376AA1 /* ViewController.swift */,
				0D232B6E234603C8002B1A52 /* SliderViewController.swift */,
				0DD6ADE023460B22002564E4 /* SendViewController.swift */,
				0DD6ADE223460B38002564E4 /* SegControlViewController.swift */,
			);
			path = ViewControllers;
			sourceTree = "<group>";
		};
/* End PBXGroup section */

/* Begin PBXNativeTarget section */
		0D0302A52345F42C00376AA1 /* system_ui_exam */ = {
			isa = PBXNativeTarget;
			buildConfigurationList = 0D0302BA2345F42D00376AA1 /* Build configuration list for PBXNativeTarget "system_ui_exam" */;
			buildPhases = (
				0D0302A22345F42C00376AA1 /* Sources */,
				0D0302A32345F42C00376AA1 /* Frameworks */,
				0D0302A42345F42C00376AA1 /* Resources */,
			);
			buildRules = (
			);
			dependencies = (
			);
			name = system_ui_exam;
			productName = system_ui_exam;
			productReference = 0D0302A62345F42C00376AA1 /* system_ui_exam.app */;
			productType = "com.apple.product-type.application";
		};
/* End PBXNativeTarget section */

/* Begin PBXProject section */
		0D03029E2345F42C00376AA1 /* Project object */ = {
			isa = PBXProject;
			attributes = {
				LastSwiftUpdateCheck = 1100;
				LastUpgradeCheck = 1100;
				ORGANIZATIONNAME = "Minki Choe";
				TargetAttributes = {
					0D0302A52345F42C00376AA1 = {
						CreatedOnToolsVersion = 11.0;
					};
				};
			};
			buildConfigurationList = 0D0302A12345F42C00376AA1 /* Build configuration list for PBXProject "system_ui_exam" */;
			compatibilityVersion = "Xcode 9.3";
			developmentRegion = en;
			hasScannedForEncodings = 0;
			knownRegions = (
				en,
				Base,
			);
			mainGroup = 0D03029D2345F42C00376AA1;
			productRefGroup = 0D0302A72345F42C00376AA1 /* Products */;
			projectDirPath = "";
			projectRoot = "";
			targets = (
				0D0302A52345F42C00376AA1 /* system_ui_exam */,
			);
		};
/* End PBXProject section */

/* Begin PBXResourcesBuildPhase section */
		0D0302A42345F42C00376AA1 /* Resources */ = {
			isa = PBXResourcesBuildPhase;
			buildActionMask = 2147483647;
			files = (
				0D0302B62345F42D00376AA1 /* LaunchScreen.storyboard in Resources */,
				0D0302B32345F42D00376AA1 /* Assets.xcassets in Resources */,
				0D0302B12345F42C00376AA1 /* Main.storyboard in Resources */,
			);
			runOnlyForDeploymentPostprocessing = 0;
		};
/* End PBXResourcesBuildPhase section */

/* Begin PBXSourcesBuildPhase section */
		0D0302A22345F42C00376AA1 /* Sources */ = {
			isa = PBXSourcesBuildPhase;
			buildActionMask = 2147483647;
			files = (
				0D8E441A234618240088A711 /* LoginViewController.swift in Sources */,
				0D0302AE2345F42C00376AA1 /* ViewController.swift in Sources */,
				0D0302AA2345F42C00376AA1 /* AppDelegate.swift in Sources */,
				0D0302AC2345F42C00376AA1 /* SceneDelegate.swift in Sources */,
				0DD6ADE123460B22002564E4 /* SendViewController.swift in Sources */,
				0DD6ADE323460B38002564E4 /* SegControlViewController.swift in Sources */,
				0D232B6F234603C8002B1A52 /* SliderViewController.swift in Sources */,
			);
			runOnlyForDeploymentPostprocessing = 0;
		};
/* End PBXSourcesBuildPhase section */

/* Begin PBXVariantGroup section */
		0D0302AF2345F42C00376AA1 /* Main.storyboard */ = {
			isa = PBXVariantGroup;
			children = (
				0D0302B02345F42C00376AA1 /* Base */,
			);
			name = Main.storyboard;
			sourceTree = "<group>";
		};
		0D0302B42345F42D00376AA1 /* LaunchScreen.storyboard */ = {
			isa = PBXVariantGroup;
			children = (
				0D0302B52345F42D00376AA1 /* Base */,
			);
			name = LaunchScreen.storyboard;
			sourceTree = "<group>";
		};
/* End PBXVariantGroup section */

/* Begin XCBuildConfiguration section */
		0D0302B82345F42D00376AA1 /* Debug */ = {
			isa = XCBuildConfiguration;
			buildSettings = {
				ALWAYS_SEARCH_USER_PATHS = NO;
				CLANG_ANALYZER_NONNULL = YES;
				CLANG_ANALYZER_NUMBER_OBJECT_CONVERSION = YES_AGGRESSIVE;
				CLANG_CXX_LANGUAGE_STANDARD = "gnu++14";
				CLANG_CXX_LIBRARY = "libc++";
				CLANG_ENABLE_MODULES = YES;
				CLANG_ENABLE_OBJC_ARC = YES;
				CLANG_ENABLE_OBJC_WEAK = YES;
				CLANG_WARN_BLOCK_CAPTURE_AUTORELEASING = YES;
				CLANG_WARN_BOOL_CONVERSION = YES;
				CLANG_WARN_COMMA = YES;
				CLANG_WARN_CONSTANT_CONVERSION = YES;
				CLANG_WARN_DEPRECATED_OBJC_IMPLEMENTATIONS = YES;
				CLANG_WARN_DIRECT_OBJC_ISA_USAGE = YES_ERROR;
				CLANG_WARN_DOCUMENTATION_COMMENTS = YES;
				CLANG_WARN_EMPTY_BODY = YES;
				CLANG_WARN_ENUM_CONVERSION = YES;
				CLANG_WARN_INFINITE_RECURSION = YES;
				CLANG_WARN_INT_CONVERSION = YES;
				CLANG_WARN_NON_LITERAL_NULL_CONVERSION = YES;
				CLANG_WARN_OBJC_IMPLICIT_RETAIN_SELF = YES;
				CLANG_WARN_OBJC_LITERAL_CONVERSION = YES;
				CLANG_WARN_OBJC_ROOT_CLASS = YES_ERROR;
				CLANG_WARN_RANGE_LOOP_ANALYSIS = YES;
				CLANG_WARN_STRICT_PROTOTYPES = YES;
				CLANG_WARN_SUSPICIOUS_MOVE = YES;
				CLANG_WARN_UNGUARDED_AVAILABILITY = YES_AGGRESSIVE;
				CLANG_WARN_UNREACHABLE_CODE = YES;
				CLANG_WARN__DUPLICATE_METHOD_MATCH = YES;
				COPY_PHASE_STRIP = NO;
				DEBUG_INFORMATION_FORMAT = dwarf;
				ENABLE_STRICT_OBJC_MSGSEND = YES;
				ENABLE_TESTABILITY = YES;
				GCC_C_LANGUAGE_STANDARD = gnu11;
				GCC_DYNAMIC_NO_PIC = NO;
				GCC_NO_COMMON_BLOCKS = YES;
				GCC_OPTIMIZATION_LEVEL = 0;
				GCC_PREPROCESSOR_DEFINITIONS = (
					"DEBUG=1",
					"$(inherited)",
				);
				GCC_WARN_64_TO_32_BIT_CONVERSION = YES;
				GCC_WARN_ABOUT_RETURN_TYPE = YES_ERROR;
				GCC_WARN_UNDECLARED_SELECTOR = YES;
				GCC_WARN_UNINITIALIZED_AUTOS = YES_AGGRESSIVE;
				GCC_WARN_UNUSED_FUNCTION = YES;
				GCC_WARN_UNUSED_VARIABLE = YES;
				IPHONEOS_DEPLOYMENT_TARGET = 13.0;
				MTL_ENABLE_DEBUG_INFO = INCLUDE_SOURCE;
				MTL_FAST_MATH = YES;
				ONLY_ACTIVE_ARCH = YES;
				SDKROOT = iphoneos;
				SWIFT_ACTIVE_COMPILATION_CONDITIONS = DEBUG;
				SWIFT_OPTIMIZATION_LEVEL = "-Onone";
			};
			name = Debug;
		};
		0D0302B92345F42D00376AA1 /* Release */ = {
			isa = XCBuildConfiguration;
			buildSettings = {
				ALWAYS_SEARCH_USER_PATHS = NO;
				CLANG_ANALYZER_NONNULL = YES;
				CLANG_ANALYZER_NUMBER_OBJECT_CONVERSION = YES_AGGRESSIVE;
				CLANG_CXX_LANGUAGE_STANDARD = "gnu++14";
				CLANG_CXX_LIBRARY = "libc++";
				CLANG_ENABLE_MODULES = YES;
				CLANG_ENABLE_OBJC_ARC = YES;
				CLANG_ENABLE_OBJC_WEAK = YES;
				CLANG_WARN_BLOCK_CAPTURE_AUTORELEASING = YES;
				CLANG_WARN_BOOL_CONVERSION = YES;
				CLANG_WARN_COMMA = YES;
				CLANG_WARN_CONSTANT_CONVERSION = YES;
				CLANG_WARN_DEPRECATED_OBJC_IMPLEMENTATIONS = YES;
				CLANG_WARN_DIRECT_OBJC_ISA_USAGE = YES_ERROR;
				CLANG_WARN_DOCUMENTATION_COMMENTS = YES;
				CLANG_WARN_EMPTY_BODY = YES;
				CLANG_WARN_ENUM_CONVERSION = YES;
				CLANG_WARN_INFINITE_RECURSION = YES;
				CLANG_WARN_INT_CONVERSION = YES;
				CLANG_WARN_NON_LITERAL_NULL_CONVERSION = YES;
				CLANG_WARN_OBJC_IMPLICIT_RETAIN_SELF = YES;
				CLANG_WARN_OBJC_LITERAL_CONVERSION = YES;
				CLANG_WARN_OBJC_ROOT_CLASS = YES_ERROR;
				CLANG_WARN_RANGE_LOOP_ANALYSIS = YES;
				CLANG_WARN_STRICT_PROTOTYPES = YES;
				CLANG_WARN_SUSPICIOUS_MOVE = YES;
				CLANG_WARN_UNGUARDED_AVAILABILITY = YES_AGGRESSIVE;
				CLANG_WARN_UNREACHABLE_CODE = YES;
				CLANG_WARN__DUPLICATE_METHOD_MATCH = YES;
				COPY_PHASE_STRIP = NO;
				DEBUG_INFORMATION_FORMAT = "dwarf-with-dsym";
				ENABLE_NS_ASSERTIONS = NO;
				ENABLE_STRICT_OBJC_MSGSEND = YES;
				GCC_C_LANGUAGE_STANDARD = gnu11;
				GCC_NO_COMMON_BLOCKS = YES;
				GCC_WARN_64_TO_32_BIT_CONVERSION = YES;
				GCC_WARN_ABOUT_RETURN_TYPE = YES_ERROR;
				GCC_WARN_UNDECLARED_SELECTOR = YES;
				GCC_WARN_UNINITIALIZED_AUTOS = YES_AGGRESSIVE;
				GCC_WARN_UNUSED_FUNCTION = YES;
				GCC_WARN_UNUSED_VARIABLE = YES;
				IPHONEOS_DEPLOYMENT_TARGET = 13.0;
				MTL_ENABLE_DEBUG_INFO = NO;
				MTL_FAST_MATH = YES;
				SDKROOT = iphoneos;
				SWIFT_COMPILATION_MODE = wholemodule;
				SWIFT_OPTIMIZATION_LEVEL = "-O";
				VALIDATE_PRODUCT = YES;
			};
			name = Release;
		};
		0D0302BB2345F42D00376AA1 /* Debug */ = {
			isa = XCBuildConfiguration;
			buildSettings = {
				ASSETCATALOG_COMPILER_APPICON_NAME = AppIcon;
				CODE_SIGN_STYLE = Automatic;
				DEVELOPMENT_TEAM = FGC5D5H6SM;
				INFOPLIST_FILE = system_ui_exam/Info.plist;
				LD_RUNPATH_SEARCH_PATHS = (
					"$(inherited)",
					"@executable_path/Frameworks",
				);
				PRODUCT_BUNDLE_IDENTIFIER = "SOPT.system-ui-exam";
				PRODUCT_NAME = "$(TARGET_NAME)";
				SWIFT_VERSION = 5.0;
				TARGETED_DEVICE_FAMILY = "1,2";
			};
			name = Debug;
		};
		0D0302BC2345F42D00376AA1 /* Release */ = {
			isa = XCBuildConfiguration;
			buildSettings = {
				ASSETCATALOG_COMPILER_APPICON_NAME = AppIcon;
				CODE_SIGN_STYLE = Automatic;
				DEVELOPMENT_TEAM = FGC5D5H6SM;
				INFOPLIST_FILE = system_ui_exam/Info.plist;
				LD_RUNPATH_SEARCH_PATHS = (
					"$(inherited)",
					"@executable_path/Frameworks",
				);
				PRODUCT_BUNDLE_IDENTIFIER = "SOPT.system-ui-exam";
				PRODUCT_NAME = "$(TARGET_NAME)";
				SWIFT_VERSION = 5.0;
				TARGETED_DEVICE_FAMILY = "1,2";
			};
			name = Release;
		};
/* End XCBuildConfiguration section */

/* Begin XCConfigurationList section */
		0D0302A12345F42C00376AA1 /* Build configuration list for PBXProject "system_ui_exam" */ = {
			isa = XCConfigurationList;
			buildConfigurations = (
				0D0302B82345F42D00376AA1 /* Debug */,
				0D0302B92345F42D00376AA1 /* Release */,
			);
			defaultConfigurationIsVisible = 0;
			defaultConfigurationName = Release;
		};
		0D0302BA2345F42D00376AA1 /* Build configuration list for PBXNativeTarget "system_ui_exam" */ = {
			isa = XCConfigurationList;
			buildConfigurations = (
				0D0302BB2345F42D00376AA1 /* Debug */,
				0D0302BC2345F42D00376AA1 /* Release */,
			);
			defaultConfigurationIsVisible = 0;
			defaultConfigurationName = Release;
		};
/* End XCConfigurationList section */
	};
	rootObject = 0D03029E2345F42C00376AA1 /* Project object */;
}
